
Microsoft Visual Studio Solution File, Format Version 12.00
# Visual Studio Version 16
VisualStudioVersion = 16.0.28803.156
MinimumVisualStudioVersion = 10.0.40219.1
Project("{9A19103F-16F7-4668-BE54-9A1E7A4F7556}") = "LNGCore.UI", "LNGCore.UI.csproj", "{53D7ACA6-F2F3-46A4-ADE9-824F0A32AB10}"
EndProject
Project("{FAE04EC0-301F-11D3-BF4B-00C04F79EFBC}") = "LNGCore.Domain", "..\LNGCore.Domain\LNGCore.Domain.csproj", "{F1B684B6-3487-44A6-BBE0-08145D8E29F3}"
EndProject
Global
	GlobalSection(SolutionConfigurationPlatforms) = preSolution
		Debug|Any CPU = Debug|Any CPU
		Release|Any CPU = Release|Any CPU
	EndGlobalSection
	GlobalSection(ProjectConfigurationPlatforms) = postSolution
		{53D7ACA6-F2F3-46A4-ADE9-824F0A32AB10}.Debug|Any CPU.ActiveCfg = Debug|Any CPU
		{53D7ACA6-F2F3-46A4-ADE9-824F0A32AB10}.Debug|Any CPU.Build.0 = Debug|Any CPU
		{53D7ACA6-F2F3-46A4-ADE9-824F0A32AB10}.Release|Any CPU.ActiveCfg = Release|Any CPU
		{53D7ACA6-F2F3-46A4-ADE9-824F0A32AB10}.Release|Any CPU.Build.0 = Release|Any CPU
		{F1B684B6-3487-44A6-BBE0-08145D8E29F3}.Debug|Any CPU.ActiveCfg = Debug|Any CPU
		{F1B684B6-3487-44A6-BBE0-08145D8E29F3}.Debug|Any CPU.Build.0 = Debug|Any CPU
		{F1B684B6-3487-44A6-BBE0-08145D8E29F3}.Release|Any CPU.ActiveCfg = Release|Any CPU
		{F1B684B6-3487-44A6-BBE0-08145D8E29F3}.Release|Any CPU.Build.0 = Release|Any CPU
	EndGlobalSection
	GlobalSection(SolutionProperties) = preSolution
		HideSolutionNode = FALSE
	EndGlobalSection
	GlobalSection(ExtensibilityGlobals) = postSolution
		SolutionGuid = {F9080D5D-34DC-4C9B-B2C5-4B00EC03E362}
	EndGlobalSection
EndGlobal
